# THIS IS AN AUTOGENERATED FILE. DO NOT EDIT THIS FILE DIRECTLY.
# yarn lockfile v1


accepts@1.0.0:
  version "1.0.0"
  resolved "https://registry.npm.taobao.org/accepts/download/accepts-1.0.0.tgz#3604c765586c3b9cf7877b6937cdbd4587f947dc"
  integrity sha1-NgTHZVhsO5z3h3tpN829RYf5R9w=
  dependencies:
    mime "~1.2.11"
    negotiator "~0.3.0"

amdefine@>=0.0.4:
  version "1.0.1"
  resolved "https://registry.npm.taobao.org/amdefine/download/amdefine-1.0.1.tgz#4a5282ac164729e93619bcfd3ad151f817ce91f5"
  integrity sha1-SlKCrBZHKek2Gbz9OtFR+BfOkfU=

async@~0.2.6:
  version "0.2.10"
  resolved "https://registry.npm.taobao.org/async/download/async-0.2.10.tgz#b6bbe0b0674b9d719708ca38de8c237cb526c3d1"
  integrity sha1-trvgsGdLnXGXCMo43owjfLUmw9E=

balanced-match@^1.0.0:
  version "1.0.0"
  resolved "https://registry.npm.taobao.org/balanced-match/download/balanced-match-1.0.0.tgz#89b4d199ab2bee49de164ea02b89ce462d71b767"
  integrity sha1-ibTRmasr7kneFk6gK4nORi1xt2c=

bluebird@3.5.1:
  version "3.5.1"
  resolved "https://registry.npm.taobao.org/bluebird/download/bluebird-3.5.1.tgz?cache=0&sync_timestamp=1571131592306&other_urls=https%3A%2F%2Fregistry.npm.taobao.org%2Fbluebird%2Fdownload%2Fbluebird-3.5.1.tgz#d9551f9de98f1fcda1e683d17ee91a0602ee2eb9"
  integrity sha1-2VUfnemPH82h5oPRfukaBgLuLrk=

body-parser@~1.0.0:
  version "1.0.2"
  resolved "https://registry.npm.taobao.org/body-parser/download/body-parser-1.0.2.tgz#3461479a3278fe00fcaebec3314bb54fc4f7b47c"
  integrity sha1-NGFHmjJ4/gD8rr7DMUu1T8T3tHw=
  dependencies:
    qs "~0.6.6"
    raw-body "~1.1.2"
    type-is "~1.1.0"

brace-expansion@^1.1.7:
  version "1.1.11"
  resolved "https://registry.npm.taobao.org/brace-expansion/download/brace-expansion-1.1.11.tgz#3c7fcbf529d87226f3d2f52b966ff5271eb441dd"
  integrity sha1-PH/L9SnYcibz0vUrlm/1Jx60Qd0=
  dependencies:
    balanced-match "^1.0.0"
    concat-map "0.0.1"

bson@^1.1.1, bson@~1.1.1:
  version "1.1.1"
  resolved "https://registry.npm.taobao.org/bson/download/bson-1.1.1.tgz#4330f5e99104c4e751e7351859e2d408279f2f13"
  integrity sha1-QzD16ZEExOdR5zUYWeLUCCefLxM=

buffer-crc32@0.2.1:
  version "0.2.1"
  resolved "https://registry.npm.taobao.org/buffer-crc32/download/buffer-crc32-0.2.1.tgz#be3e5382fc02b6d6324956ac1af98aa98b08534c"
  integrity sha1-vj5TgvwCttYySVasGvmKqYsIU0w=

bytes@0.3.0:
  version "0.3.0"
  resolved "https://registry.npm.taobao.org/bytes/download/bytes-0.3.0.tgz#78e2e0e28c7f9c7b988ea8aee0db4d5fa9941935"
  integrity sha1-eOLg4ox/nHuYjqiu4NtNX6mUGTU=

bytes@1:
  version "1.0.0"
  resolved "https://registry.npm.taobao.org/bytes/download/bytes-1.0.0.tgz#3569ede8ba34315fab99c3e92cb04c7220de1fa8"
  integrity sha1-NWnt6Lo0MV+rmcPpLLBMciDeH6g=

camelcase@^1.0.2:
  version "1.2.1"
  resolved "https://registry.npm.taobao.org/camelcase/download/camelcase-1.2.1.tgz#9bb5304d2e0b56698b2c758b08a3eaa9daa58a39"
  integrity sha1-m7UwTS4LVmmLLHWLCKPqqdqlijk=

character-parser@1.2.0:
  version "1.2.0"
  resolved "https://registry.npm.taobao.org/character-parser/download/character-parser-1.2.0.tgz#94134d6e5d870a39be359f7d22460935184ddef6"
  integrity sha1-lBNNbl2HCjm+NZ99IkYJNRhN3vY=

commander@2.1.0:
  version "2.1.0"
  resolved "https://registry.npm.taobao.org/commander/download/commander-2.1.0.tgz?cache=0&other_urls=https%3A%2F%2Fregistry.npm.taobao.org%2Fcommander%2Fdownload%2Fcommander-2.1.0.tgz#d121bbae860d9992a3d517ba96f56588e47c6781"
  integrity sha1-0SG7roYNmZKj1Re6lvVliOR8Z4E=

concat-map@0.0.1:
  version "0.0.1"
  resolved "https://registry.npm.taobao.org/concat-map/download/concat-map-0.0.1.tgz#d8a96bd77fd68df7793a73036a3ba0d5405d477b"
  integrity sha1-2Klr13/Wjfd5OnMDajug1UBdR3s=

constantinople@~2.0.0:
  version "2.0.1"
  resolved "https://registry.npm.taobao.org/constantinople/download/constantinople-2.0.1.tgz#5829f856f301a9bdb107d935f77d8eb8ccec4c79"
  integrity sha1-WCn4VvMBqb2xB9k1932OuMzsTHk=
  dependencies:
    uglify-js "~2.4.0"

cookie-parser@~1.0.1:
  version "1.0.1"
  resolved "https://registry.npm.taobao.org/cookie-parser/download/cookie-parser-1.0.1.tgz#17bd622c9717cd0858a912a9fef4c0362360a7b0"
  integrity sha1-F71iLJcXzQhYqRKp/vTANiNgp7A=
  dependencies:
    cookie "0.1.0"
    cookie-signature "1.0.3"

cookie-signature@1.0.3:
  version "1.0.3"
  resolved "https://registry.npm.taobao.org/cookie-signature/download/cookie-signature-1.0.3.tgz#91cd997cc51fb641595738c69cda020328f50ff9"
  integrity sha1-kc2ZfMUftkFZVzjGnNoCAyj1D/k=

cookie-signature@1.0.6:
  version "1.0.6"
  resolved "https://registry.npm.taobao.org/cookie-signature/download/cookie-signature-1.0.6.tgz#e303a882b342cc3ee8ca513a79999734dab3ae2c"
  integrity sha1-4wOogrNCzD7oylE6eZmXNNqzriw=

cookie@0.1.0:
  version "0.1.0"
  resolved "https://registry.npm.taobao.org/cookie/download/cookie-0.1.0.tgz#90eb469ddce905c866de687efc43131d8801f9d0"
  integrity sha1-kOtGndzpBchm3mh+/EMTHYgB+dA=

cookie@0.4.0:
  version "0.4.0"
  resolved "https://registry.npm.taobao.org/cookie/download/cookie-0.4.0.tgz#beb437e7022b3b6d49019d088665303ebe9c14ba"
  integrity sha1-vrQ35wIrO21JAZ0IhmUwPr6cFLo=

css-parse@1.0.4:
  version "1.0.4"
  resolved "https://registry.npm.taobao.org/css-parse/download/css-parse-1.0.4.tgz#38b0503fbf9da9f54e9c1dbda60e145c77117bdd"
  integrity sha1-OLBQP7+dqfVOnB29pg4UXHcRe90=

css-stringify@1.0.5:
  version "1.0.5"
  resolved "https://registry.npm.taobao.org/css-stringify/download/css-stringify-1.0.5.tgz#b0d042946db2953bb9d292900a6cb5f6d0122031"
  integrity sha1-sNBClG2ylTu50pKQCmy19tASIDE=

css@~1.0.8:
  version "1.0.8"
  resolved "https://registry.npm.taobao.org/css/download/css-1.0.8.tgz#9386811ca82bccc9ee7fb5a732b1e2a317c8a3e7"
  integrity sha1-k4aBHKgrzMnuf7WnMrHioxfIo+c=
  dependencies:
    css-parse "1.0.4"
    css-stringify "1.0.5"

debug@*:
  version "4.1.1"
  resolved "https://registry.npm.taobao.org/debug/download/debug-4.1.1.tgz#3b72260255109c6b589cee050f1d516139664791"
  integrity sha1-O3ImAlUQnGtYnO4FDx1RYTlmR5E=
  dependencies:
    ms "^2.1.1"

debug@2.6.9:
  version "2.6.9"
  resolved "https://registry.npm.taobao.org/debug/download/debug-2.6.9.tgz#5d128515df134ff327e90a4c93f4e077a536341f"
  integrity sha1-XRKFFd8TT/Mn6QpMk/Tgd6U2NB8=
  dependencies:
    ms "2.0.0"

debug@3.1.0:
  version "3.1.0"
  resolved "https://registry.npm.taobao.org/debug/download/debug-3.1.0.tgz#5bb5a0672628b64149566ba16819e61518c67261"
  integrity sha1-W7WgZyYotkFJVmuhaBnmFRjGcmE=
  dependencies:
    ms "2.0.0"

"debug@>= 0.7.3 < 1":
  version "0.8.1"
  resolved "https://registry.npm.taobao.org/debug/download/debug-0.8.1.tgz#20ff4d26f5e422cb68a1bacbbb61039ad8c1c130"
  integrity sha1-IP9NJvXkIstoobrLu2EDmtjBwTA=

debug@~0.7.4:
  version "0.7.4"
  resolved "https://registry.npm.taobao.org/debug/download/debug-0.7.4.tgz#06e1ea8082c2cb14e39806e22e2f6f757f92af39"
  integrity sha1-BuHqgILCyxTjmAbiLi9vdX+Srzk=

decamelize@^1.0.0:
  version "1.2.0"
  resolved "https://registry.npm.taobao.org/decamelize/download/decamelize-1.2.0.tgz#f6534d15148269b20352e7bee26f501f9a191290"
  integrity sha1-9lNNFRSCabIDUue+4m9QH5oZEpA=

depd@~2.0.0:
  version "2.0.0"
  resolved "https://registry.npm.taobao.org/depd/download/depd-2.0.0.tgz#b696163cc757560d09cf22cc8fad1571b79e76df"
  integrity sha1-tpYWPMdXVg0JzyLMj60Vcbeedt8=

escape-html@1.0.1:
  version "1.0.1"
  resolved "https://registry.npm.taobao.org/escape-html/download/escape-html-1.0.1.tgz#181a286ead397a39a92857cfb1d43052e356bff0"
  integrity sha1-GBoobq05ejmpKFfPsdQwUuNWv/A=

etag@~1.8.1:
  version "1.8.1"
  resolved "https://registry.npm.taobao.org/etag/download/etag-1.8.1.tgz#41ae2eeb65efa62268aebfea83ac7d79299b0887"
  integrity sha1-Qa4u62XvpiJorr/qg6x9eSmbCIc=

express-session@^1.17.0:
  version "1.17.0"
  resolved "https://registry.npm.taobao.org/express-session/download/express-session-1.17.0.tgz?cache=0&sync_timestamp=1570763356024&other_urls=https%3A%2F%2Fregistry.npm.taobao.org%2Fexpress-session%2Fdownload%2Fexpress-session-1.17.0.tgz#9b50dbb5e8a03c3537368138f072736150b7f9b3"
  integrity sha1-m1DbteigPDU3NoE48HJzYVC3+bM=
  dependencies:
    cookie "0.4.0"
    cookie-signature "1.0.6"
    debug "2.6.9"
    depd "~2.0.0"
    on-headers "~1.0.2"
    parseurl "~1.3.3"
    safe-buffer "5.2.0"
    uid-safe "~2.1.5"

express@~4.0.0:
  version "4.0.0"
  resolved "https://registry.npm.taobao.org/express/download/express-4.0.0.tgz#274dc82933c9f574cc38a0ce5ea8172be9c6b094"
  integrity sha1-J03IKTPJ9XTMOKDOXqgXK+nGsJQ=
  dependencies:
    accepts "1.0.0"
    buffer-crc32 "0.2.1"
    cookie "0.1.0"
    cookie-signature "1.0.3"
    debug ">= 0.7.3 < 1"
    escape-html "1.0.1"
    fresh "0.2.2"
    merge-descriptors "0.0.2"
    methods "0.1.0"
    parseurl "1.0.1"
    path-to-regexp "0.1.2"
    qs "0.6.6"
    range-parser "1.0.0"
    send "0.2.0"
    serve-static "1.0.1"
    type-is "1.0.0"
    utils-merge "1.0.0"

fresh@0.2.0:
  version "0.2.0"
  resolved "https://registry.npm.taobao.org/fresh/download/fresh-0.2.0.tgz#bfd9402cf3df12c4a4c310c79f99a3dde13d34a7"
  integrity sha1-v9lALPPfEsSkwxDHn5mj3eE9NKc=

fresh@0.2.2:
  version "0.2.2"
  resolved "https://registry.npm.taobao.org/fresh/download/fresh-0.2.2.tgz#9731dcf5678c7faeb44fb903c4f72df55187fa77"
  integrity sha1-lzHc9WeMf660T7kDxPct9VGH+nc=

fresh@0.5.2:
  version "0.5.2"
  resolved "https://registry.npm.taobao.org/fresh/download/fresh-0.5.2.tgz#3d8cadd90d976569fa835ab1f8e4b23a105605a7"
  integrity sha1-PYyt2Q2XZWn6g1qx+OSyOhBWBac=

fresh@~0.2.1:
  version "0.2.4"
  resolved "https://registry.npm.taobao.org/fresh/download/fresh-0.2.4.tgz#3582499206c9723714190edd74b4604feb4a614c"
  integrity sha1-NYJJkgbJcjcUGQ7ddLRgT+tKYUw=

is-promise@~1:
  version "1.0.1"
  resolved "https://registry.npm.taobao.org/is-promise/download/is-promise-1.0.1.tgz#31573761c057e33c2e91aab9e96da08cefbe76e5"
  integrity sha1-MVc3YcBX4zwukaq56W2gjO++duU=

jade@~1.3.0:
  version "1.3.1"
  resolved "https://registry.npm.taobao.org/jade/download/jade-1.3.1.tgz#7483d848b8714dc50a40da98b0409790b374216b"
  integrity sha1-dIPYSLhxTcUKQNqYsECXkLN0IWs=
  dependencies:
    character-parser "1.2.0"
    commander "2.1.0"
    constantinople "~2.0.0"
    mkdirp "~0.3.5"
    monocle "1.1.51"
    transformers "2.1.0"
    with "~3.0.0"

kareem@2.3.1:
  version "2.3.1"
  resolved "https://registry.npm.taobao.org/kareem/download/kareem-2.3.1.tgz?cache=0&sync_timestamp=1566531900680&other_urls=https%3A%2F%2Fregistry.npm.taobao.org%2Fkareem%2Fdownload%2Fkareem-2.3.1.tgz#def12d9c941017fabfb00f873af95e9c99e1be87"
  integrity sha1-3vEtnJQQF/q/sA+HOvlenJnhvoc=

lodash@^4.17.19:
  version "4.17.19"
  resolved "https://registry.yarnpkg.com/lodash/-/lodash-4.17.19.tgz#e48ddedbe30b3321783c5b4301fbd353bc1e4a4b"
  integrity sha512-JNvd8XER9GQX0v2qJgsaN/mzFCNA5BRe/j8JN9d+tWyGLSodKQHKFicdwNYzWwI3wjRnaKPsGj1XkBjx/F96DQ==

memory-pager@^1.0.2:
  version "1.5.0"
  resolved "https://registry.npm.taobao.org/memory-pager/download/memory-pager-1.5.0.tgz#d8751655d22d384682741c972f2c3d6dfa3e66b5"
  integrity sha1-2HUWVdItOEaCdByXLyw9bfo+ZrU=

merge-descriptors@0.0.2:
  version "0.0.2"
  resolved "https://registry.npm.taobao.org/merge-descriptors/download/merge-descriptors-0.0.2.tgz#c36a52a781437513c57275f39dd9d317514ac8c7"
  integrity sha1-w2pSp4FDdRPFcnXzndnTF1FKyMc=

method-override@^3.0.0:
  version "3.0.0"
  resolved "https://registry.npm.taobao.org/method-override/download/method-override-3.0.0.tgz#6ab0d5d574e3208f15b0c9cf45ab52000468d7a2"
  integrity sha1-arDV1XTjII8VsMnPRatSAARo16I=
  dependencies:
    debug "3.1.0"
    methods "~1.1.2"
    parseurl "~1.3.2"
    vary "~1.1.2"

methods@0.1.0:
  version "0.1.0"
  resolved "https://registry.npm.taobao.org/methods/download/methods-0.1.0.tgz#335d429eefd21b7bacf2e9c922a8d2bd14a30e4f"
  integrity sha1-M11Cnu/SG3us8unJIqjSvRSjDk8=

methods@~1.1.2:
  version "1.1.2"
  resolved "https://registry.npm.taobao.org/methods/download/methods-1.1.2.tgz#5529a4d67654134edcc5266656835b0f851afcee"
  integrity sha1-VSmk1nZUE07cxSZmVoNbD4Ua/O4=

mime@~1.2.11, mime@~1.2.9:
  version "1.2.11"
  resolved "https://registry.npm.taobao.org/mime/download/mime-1.2.11.tgz#58203eed86e3a5ef17aed2b7d9ebd47f0a60dd10"
  integrity sha1-WCA+7Ybjpe8XrtK32evUfwpg3RA=

minimatch@>=0.2.4:
  version "3.0.4"
  resolved "https://registry.npm.taobao.org/minimatch/download/minimatch-3.0.4.tgz#5166e286457f03306064be5497e8dbb0c3d32083"
  integrity sha1-UWbihkV/AzBgZL5Ul+jbsMPTIIM=
  dependencies:
    brace-expansion "^1.1.7"

mkdirp@~0.3.5:
  version "0.3.5"
  resolved "https://registry.npm.taobao.org/mkdirp/download/mkdirp-0.3.5.tgz#de3e5f8961c88c787ee1368df849ac4413eca8d7"
  integrity sha1-3j5fiWHIjHh+4TaN+EmsRBPsqNc=

mongodb@*, mongodb@^3.2.3:
  version "3.3.3"
  resolved "https://registry.npm.taobao.org/mongodb/download/mongodb-3.3.3.tgz#509cad2225a1c56c65a331ed73a0d5d4ed5cbe67"
  integrity sha1-UJytIiWhxWxlozHtc6DV1O1cvmc=
  dependencies:
    bson "^1.1.1"
    require_optional "^1.0.1"
    safe-buffer "^5.1.2"
  optionalDependencies:
    saslprep "^1.0.0"

mongodb@3.3.2:
  version "3.3.2"
  resolved "https://registry.npm.taobao.org/mongodb/download/mongodb-3.3.2.tgz#ff086b5f552cf07e24ce098694210f3d42d668b2"
  integrity sha1-/whrX1Us8H4kzgmGlCEPPULWaLI=
  dependencies:
    bson "^1.1.1"
    require_optional "^1.0.1"
    safe-buffer "^5.1.2"

mongoose-legacy-pluralize@1.0.2:
  version "1.0.2"
  resolved "https://registry.npm.taobao.org/mongoose-legacy-pluralize/download/mongoose-legacy-pluralize-1.0.2.tgz#3ba9f91fa507b5186d399fb40854bff18fb563e4"
  integrity sha1-O6n5H6UHtRhtOZ+0CFS/8Y+1Y+Q=

mongoose@^5.7.5:
  version "5.7.5"
  resolved "https://registry.npm.taobao.org/mongoose/download/mongoose-5.7.5.tgz#b787b47216edf62036aa358c3ef0f1869c46cdc2"
  integrity sha1-t4e0chbt9iA2qjWMPvDxhpxGzcI=
  dependencies:
    bson "~1.1.1"
    kareem "2.3.1"
    mongodb "3.3.2"
    mongoose-legacy-pluralize "1.0.2"
    mpath "0.6.0"
    mquery "3.2.2"
    ms "2.1.2"
    regexp-clone "1.0.0"
    safe-buffer "5.1.2"
    sift "7.0.1"
    sliced "1.0.1"

monk-middleware-cast-ids@^0.2.1:
  version "0.2.1"
  resolved "https://registry.npm.taobao.org/monk-middleware-cast-ids/download/monk-middleware-cast-ids-0.2.1.tgz#40c40e5a6cb33ccedc289220943275ee8861c529"
  integrity sha1-QMQOWmyzPM7cKJIglDJ17ohhxSk=

monk-middleware-fields@^0.2.0:
  version "0.2.0"
  resolved "https://registry.npm.taobao.org/monk-middleware-fields/download/monk-middleware-fields-0.2.0.tgz#ff637af35f5948879ccb2be15a91360911bea6c1"
  integrity sha1-/2N6819ZSIecyyvhWpE2CRG+psE=

monk-middleware-handle-callback@^0.2.0:
  version "0.2.2"
  resolved "https://registry.npm.taobao.org/monk-middleware-handle-callback/download/monk-middleware-handle-callback-0.2.2.tgz#47de6cc1248726c72a2be0c81bc4e68310c32146"
  integrity sha1-R95swSSHJscqK+DIG8TmgxDDIUY=

monk-middleware-options@^0.2.1:
  version "0.2.1"
  resolved "https://registry.npm.taobao.org/monk-middleware-options/download/monk-middleware-options-0.2.1.tgz#58dae1c518d46636ebdff506fadfc773bb442886"
  integrity sha1-WNrhxRjUZjbr3/UG+t/Hc7tEKIY=

monk-middleware-query@^0.2.0:
  version "0.2.0"
  resolved "https://registry.npm.taobao.org/monk-middleware-query/download/monk-middleware-query-0.2.0.tgz#a926c677d4a5620c62151b0a56d0c0c151675874"
  integrity sha1-qSbGd9SlYgxiFRsKVtDAwVFnWHQ=

monk-middleware-wait-for-connection@^0.2.0:
  version "0.2.0"
  resolved "https://registry.npm.taobao.org/monk-middleware-wait-for-connection/download/monk-middleware-wait-for-connection-0.2.0.tgz#312958d30e588b57d09754dd7c97b4843316835a"
  integrity sha1-MSlY0w5Yi1fQl1TdfJe0hDMWg1o=

monk@*:
  version "7.1.1"
  resolved "https://registry.npm.taobao.org/monk/download/monk-7.1.1.tgz#4b1653fe51c3ca7d6780e95dcaa7fcb5cf931b77"
  integrity sha1-SxZT/lHDyn1ngOldyqf8tc+TG3c=
  dependencies:
    debug "*"
    mongodb "^3.2.3"
    monk-middleware-cast-ids "^0.2.1"
    monk-middleware-fields "^0.2.0"
    monk-middleware-handle-callback "^0.2.0"
    monk-middleware-options "^0.2.1"
    monk-middleware-query "^0.2.0"
    monk-middleware-wait-for-connection "^0.2.0"
    object-assign "^4.1.1"

monocle@1.1.51:
  version "1.1.51"
  resolved "https://registry.npm.taobao.org/monocle/download/monocle-1.1.51.tgz#22ed16e112e9b056769c5ccac920e375249d89c0"
  integrity sha1-Iu0W4RLpsFZ2nFzKySDjdSSdicA=
  dependencies:
    readdirp "~0.2.3"

morgan@~1.0.0:
  version "1.0.1"
  resolved "https://registry.npm.taobao.org/morgan/download/morgan-1.0.1.tgz#8250a5d711de625453022945344d4d6762630c64"
  integrity sha1-glCl1xHeYlRTAilFNE1NZ2JjDGQ=
  dependencies:
    bytes "0.3.0"

mpath@0.6.0:
  version "0.6.0"
  resolved "https://registry.npm.taobao.org/mpath/download/mpath-0.6.0.tgz#aa922029fca4f0f641f360e74c5c1b6a4c47078e"
  integrity sha1-qpIgKfyk8PZB82DnTFwbakxHB44=

mquery@3.2.2:
  version "3.2.2"
  resolved "https://registry.npm.taobao.org/mquery/download/mquery-3.2.2.tgz#e1383a3951852ce23e37f619a9b350f1fb3664e7"
  integrity sha1-4Tg6OVGFLOI+N/YZqbNQ8fs2ZOc=
  dependencies:
    bluebird "3.5.1"
    debug "3.1.0"
    regexp-clone "^1.0.0"
    safe-buffer "5.1.2"
    sliced "1.0.1"

ms@2.0.0:
  version "2.0.0"
  resolved "https://registry.npm.taobao.org/ms/download/ms-2.0.0.tgz#5608aeadfc00be6c2901df5f9861788de0d597c8"
  integrity sha1-VgiurfwAvmwpAd9fmGF4jeDVl8g=

ms@2.1.1:
  version "2.1.1"
  resolved "https://registry.npm.taobao.org/ms/download/ms-2.1.1.tgz#30a5864eb3ebb0a66f2ebe6d727af06a09d86e0a"
  integrity sha1-MKWGTrPrsKZvLr5tcnrwagnYbgo=

ms@2.1.2, ms@^2.1.1:
  version "2.1.2"
  resolved "https://registry.npm.taobao.org/ms/download/ms-2.1.2.tgz#d09d1f357b443f493382a8eb3ccd183872ae6009"
  integrity sha1-0J0fNXtEP0kzgqjrPM0YOHKuYAk=

negotiator@~0.3.0:
  version "0.3.0"
  resolved "https://registry.npm.taobao.org/negotiator/download/negotiator-0.3.0.tgz#706d692efeddf574d57ea9fb1ab89a4fa7ee8f60"
  integrity sha1-cG1pLv7d9XTVfqn7GriaT6fuj2A=

object-assign@^4.1.1:
  version "4.1.1"
  resolved "https://registry.npm.taobao.org/object-assign/download/object-assign-4.1.1.tgz#2109adc7965887cfc05cbbd442cac8bfbb360863"
  integrity sha1-IQmtx5ZYh8/AXLvUQsrIv7s2CGM=

on-headers@~1.0.2:
  version "1.0.2"
  resolved "https://registry.npm.taobao.org/on-headers/download/on-headers-1.0.2.tgz#772b0ae6aaa525c399e489adfad90c403eb3c28f"
  integrity sha1-dysK5qqlJcOZ5Imt+tkMQD6zwo8=

optimist@~0.3.5:
  version "0.3.7"
  resolved "https://registry.npm.taobao.org/optimist/download/optimist-0.3.7.tgz#c90941ad59e4273328923074d2cf2e7cbc6ec0d9"
  integrity sha1-yQlBrVnkJzMokjB00s8ufLxuwNk=
  dependencies:
    wordwrap "~0.0.2"

parseurl@1.0.1:
  version "1.0.1"
  resolved "https://registry.npm.taobao.org/parseurl/download/parseurl-1.0.1.tgz#2e57dce6efdd37c3518701030944c22bf388b7b4"
  integrity sha1-Llfc5u/dN8NRhwEDCUTCK/OIt7Q=

parseurl@~1.3.2, parseurl@~1.3.3:
  version "1.3.3"
  resolved "https://registry.npm.taobao.org/parseurl/download/parseurl-1.3.3.tgz#9da19e7bee8d12dff0513ed5b76957793bc2e8d4"
  integrity sha1-naGee+6NEt/wUT7Vt2lXeTvC6NQ=

path-to-regexp@0.1.2:
  version "0.1.2"
  resolved "https://registry.npm.taobao.org/path-to-regexp/download/path-to-regexp-0.1.2.tgz#9b2b151f9cc3018c9eea50ca95729e05781712b4"
  integrity sha1-mysVH5zDAYye6lDKlXKeBXgXErQ=

promise@~2.0:
  version "2.0.0"
  resolved "https://registry.npm.taobao.org/promise/download/promise-2.0.0.tgz#46648aa9d605af5d2e70c3024bf59436da02b80e"
  integrity sha1-RmSKqdYFr10ucMMCS/WUNtoCuA4=
  dependencies:
    is-promise "~1"

qs@0.6.6, qs@~0.6.6:
  version "0.6.6"
  resolved "https://registry.npm.taobao.org/qs/download/qs-0.6.6.tgz#6e015098ff51968b8a3c819001d5f2c89bc4b107"
  integrity sha1-bgFQmP9RlouKPIGQAdXyyJvEsQc=

random-bytes@~1.0.0:
  version "1.0.0"
  resolved "https://registry.npm.taobao.org/random-bytes/download/random-bytes-1.0.0.tgz#4f68a1dc0ae58bd3fb95848c30324db75d64360b"
  integrity sha1-T2ih3Arli9P7lYSMMDJNt11kNgs=

range-parser@0.0.4:
  version "0.0.4"
  resolved "https://registry.npm.taobao.org/range-parser/download/range-parser-0.0.4.tgz#c0427ffef51c10acba0782a46c9602e744ff620b"
  integrity sha1-wEJ//vUcEKy6B4KkbJYC50T/Ygs=

range-parser@1.0.0:
  version "1.0.0"
  resolved "https://registry.npm.taobao.org/range-parser/download/range-parser-1.0.0.tgz#a4b264cfe0be5ce36abe3765ac9c2a248746dbc0"
  integrity sha1-pLJkz+C+XONqvjdlrJwqJIdG28A=

range-parser@~1.0.0:
  version "1.0.3"
  resolved "https://registry.npm.taobao.org/range-parser/download/range-parser-1.0.3.tgz#6872823535c692e2c2a0103826afd82c2e0ff175"
  integrity sha1-aHKCNTXGkuLCoBA4Jq/YLC4P8XU=

raw-body@~1.1.2:
  version "1.1.7"
  resolved "https://registry.npm.taobao.org/raw-body/download/raw-body-1.1.7.tgz#1d027c2bfa116acc6623bca8f00016572a87d425"
  integrity sha1-HQJ8K/oRasxmI7yo8AAWVyqH1CU=
  dependencies:
    bytes "1"
    string_decoder "0.10"

readdirp@~0.2.3:
  version "0.2.5"
  resolved "https://registry.npm.taobao.org/readdirp/download/readdirp-0.2.5.tgz?cache=0&sync_timestamp=1571011714883&other_urls=https%3A%2F%2Fregistry.npm.taobao.org%2Freaddirp%2Fdownload%2Freaddirp-0.2.5.tgz#c4c276e52977ae25db5191fe51d008550f15d9bb"
  integrity sha1-xMJ25Sl3riXbUZH+UdAIVQ8V2bs=
  dependencies:
    minimatch ">=0.2.4"

regexp-clone@1.0.0, regexp-clone@^1.0.0:
  version "1.0.0"
  resolved "https://registry.npm.taobao.org/regexp-clone/download/regexp-clone-1.0.0.tgz#222db967623277056260b992626354a04ce9bf63"
  integrity sha1-Ii25Z2IydwViYLmSYmNUoEzpv2M=

require_optional@^1.0.1:
  version "1.0.1"
  resolved "https://registry.npm.taobao.org/require_optional/download/require_optional-1.0.1.tgz#4cf35a4247f64ca3df8c2ef208cc494b1ca8fc2e"
  integrity sha1-TPNaQkf2TKPfjC7yCMxJSxyo/C4=
  dependencies:
    resolve-from "^2.0.0"
    semver "^5.1.0"

resolve-from@^2.0.0:
  version "2.0.0"
  resolved "https://registry.npm.taobao.org/resolve-from/download/resolve-from-2.0.0.tgz#9480ab20e94ffa1d9e80a804c7ea147611966b57"
  integrity sha1-lICrIOlP+h2egKgEx+oUdhGWa1c=

safe-buffer@5.1.1:
  version "5.1.1"
  resolved "https://registry.npm.taobao.org/safe-buffer/download/safe-buffer-5.1.1.tgz#893312af69b2123def71f57889001671eeb2c853"
  integrity sha1-iTMSr2myEj3vcfV4iQAWce6yyFM=

safe-buffer@5.1.2:
  version "5.1.2"
  resolved "https://registry.npm.taobao.org/safe-buffer/download/safe-buffer-5.1.2.tgz#991ec69d296e0313747d59bdfd2b745c35f8828d"
  integrity sha1-mR7GnSluAxN0fVm9/St0XDX4go0=

safe-buffer@5.2.0, safe-buffer@^5.1.2:
  version "5.2.0"
  resolved "https://registry.npm.taobao.org/safe-buffer/download/safe-buffer-5.2.0.tgz#b74daec49b1148f88c64b68d49b1e815c1f2f519"
  integrity sha1-t02uxJsRSPiMZLaNSbHoFcHy9Rk=

saslprep@^1.0.0:
  version "1.0.3"
  resolved "https://registry.npm.taobao.org/saslprep/download/saslprep-1.0.3.tgz#4c02f946b56cf54297e347ba1093e7acac4cf226"
  integrity sha1-TAL5RrVs9UKX40e6EJPnrKxM8iY=
  dependencies:
    sparse-bitfield "^3.0.3"

semver@^5.1.0:
  version "5.7.1"
  resolved "https://registry.npm.taobao.org/semver/download/semver-5.7.1.tgz#a954f931aeba508d307bbf069eff0c01c96116f7"
  integrity sha1-qVT5Ma66UI0we78Gnv8MAclhFvc=

send@0.1.4:
  version "0.1.4"
  resolved "https://registry.npm.taobao.org/send/download/send-0.1.4.tgz#be70d8d1be01de61821af13780b50345a4f71abd"
  integrity sha1-vnDY0b4B3mGCGvE3gLUDRaT3Gr0=
  dependencies:
    debug "*"
    fresh "0.2.0"
    mime "~1.2.9"
    range-parser "0.0.4"

send@0.2.0:
  version "0.2.0"
  resolved "https://registry.npm.taobao.org/send/download/send-0.2.0.tgz#067abf45cff8bffb29cbdb7439725b32388a2c58"
  integrity sha1-Bnq/Rc/4v/spy9t0OXJbMjiKLFg=
  dependencies:
    debug "*"
    fresh "~0.2.1"
    mime "~1.2.9"
    range-parser "~1.0.0"

serve-favicon@^2.5.0:
  version "2.5.0"
  resolved "https://registry.npm.taobao.org/serve-favicon/download/serve-favicon-2.5.0.tgz#935d240cdfe0f5805307fdfe967d88942a2cbcf0"
  integrity sha1-k10kDN/g9YBTB/3+ln2IlCosvPA=
  dependencies:
    etag "~1.8.1"
    fresh "0.5.2"
    ms "2.1.1"
    parseurl "~1.3.2"
    safe-buffer "5.1.1"

serve-static@1.0.1:
  version "1.0.1"
  resolved "https://registry.npm.taobao.org/serve-static/download/serve-static-1.0.1.tgz#10dcbfd44b3e0291a131fc9ab4ab25a9f5a78a42"
  integrity sha1-ENy/1Es+ApGhMfyatKslqfWnikI=
  dependencies:
    send "0.1.4"

sift@7.0.1:
  version "7.0.1"
  resolved "https://registry.npm.taobao.org/sift/download/sift-7.0.1.tgz#47d62c50b159d316f1372f8b53f9c10cd21a4b08"
  integrity sha1-R9YsULFZ0xbxNy+LU/nBDNIaSwg=

sliced@1.0.1:
  version "1.0.1"
  resolved "https://registry.npm.taobao.org/sliced/download/sliced-1.0.1.tgz#0b3a662b5d04c3177b1926bea82b03f837a2ef41"
  integrity sha1-CzpmK10Ewxd7GSa+qCsD+Dei70E=

source-map@0.1.34:
  version "0.1.34"
  resolved "https://registry.npm.taobao.org/source-map/download/source-map-0.1.34.tgz#a7cfe89aec7b1682c3b198d0acfb47d7d090566b"
  integrity sha1-p8/omux7FoLDsZjQrPtH19CQVms=
  dependencies:
    amdefine ">=0.0.4"

source-map@~0.1.7:
  version "0.1.43"
  resolved "https://registry.npm.taobao.org/source-map/download/source-map-0.1.43.tgz#c24bc146ca517c1471f5dacbe2571b2b7f9e3346"
  integrity sha1-wkvBRspRfBRx9drL4lcbK3+eM0Y=
  dependencies:
    amdefine ">=0.0.4"

sparse-bitfield@^3.0.3:
  version "3.0.3"
  resolved "https://registry.npm.taobao.org/sparse-bitfield/download/sparse-bitfield-3.0.3.tgz#ff4ae6e68656056ba4b3e792ab3334d38273ca11"
  integrity sha1-/0rm5oZWBWuks+eSqzM004JzyhE=
  dependencies:
    memory-pager "^1.0.2"

static-favicon@~1.0.0:
  version "1.0.2"
  resolved "https://registry.npm.taobao.org/static-favicon/download/static-favicon-1.0.2.tgz#7c15920dda2bf33f414b0e60aebbd65cdd2a1d2f"
  integrity sha1-fBWSDdor8z9BSw5grrvWXN0qHS8=

string_decoder@0.10:
  version "0.10.31"
  resolved "https://registry.npm.taobao.org/string_decoder/download/string_decoder-0.10.31.tgz#62e203bc41766c6c28c9fc84301dab1c5310fa94"
  integrity sha1-YuIDvEF2bGwoyfyEMB2rHFMQ+pQ=

transformers@2.1.0:
  version "2.1.0"
  resolved "https://registry.npm.taobao.org/transformers/download/transformers-2.1.0.tgz#5d23cb35561dd85dc67fb8482309b47d53cce9a7"
  integrity sha1-XSPLNVYd2F3Gf7hIIwm0fVPM6ac=
  dependencies:
    css "~1.0.8"
    promise "~2.0"
    uglify-js "~2.2.5"

type-is@1.0.0:
  version "1.0.0"
  resolved "https://registry.npm.taobao.org/type-is/download/type-is-1.0.0.tgz#4ff424e97349a1ee1910b4bfc488595ecdc443fc"
  integrity sha1-T/Qk6XNJoe4ZELS/xIhZXs3EQ/w=
  dependencies:
    mime "~1.2.11"

type-is@~1.1.0:
  version "1.1.0"
  resolved "https://registry.npm.taobao.org/type-is/download/type-is-1.1.0.tgz#d0245ec8b2676668d59dd0cf3255060676a57db6"
  integrity sha1-0CReyLJnZmjVndDPMlUGBnalfbY=
  dependencies:
    mime "~1.2.11"

uglify-js@~2.2.5:
  version "2.2.5"
  resolved "https://registry.npm.taobao.org/uglify-js/download/uglify-js-2.2.5.tgz?cache=0&sync_timestamp=1571486541954&other_urls=https%3A%2F%2Fregistry.npm.taobao.org%2Fuglify-js%2Fdownload%2Fuglify-js-2.2.5.tgz#a6e02a70d839792b9780488b7b8b184c095c99c7"
  integrity sha1-puAqcNg5eSuXgEiLe4sYTAlcmcc=
  dependencies:
    optimist "~0.3.5"
    source-map "~0.1.7"

uglify-js@~2.4.0, uglify-js@~2.4.12:
  version "2.4.24"
  resolved "https://registry.npm.taobao.org/uglify-js/download/uglify-js-2.4.24.tgz?cache=0&sync_timestamp=1571486541954&other_urls=https%3A%2F%2Fregistry.npm.taobao.org%2Fuglify-js%2Fdownload%2Fuglify-js-2.4.24.tgz#fad5755c1e1577658bb06ff9ab6e548c95bebd6e"
  integrity sha1-+tV1XB4Vd2WLsG/5q25UjJW+vW4=
  dependencies:
    async "~0.2.6"
    source-map "0.1.34"
    uglify-to-browserify "~1.0.0"
    yargs "~3.5.4"

uglify-to-browserify@~1.0.0:
  version "1.0.2"
  resolved "https://registry.npm.taobao.org/uglify-to-browserify/download/uglify-to-browserify-1.0.2.tgz#6e0924d6bda6b5afe349e39a6d632850a0f882b7"
  integrity sha1-bgkk1r2mta/jSeOabWMoUKD4grc=

uid-safe@~2.1.5:
  version "2.1.5"
  resolved "https://registry.npm.taobao.org/uid-safe/download/uid-safe-2.1.5.tgz#2b3d5c7240e8fc2e58f8aa269e5ee49c0857bd3a"
  integrity sha1-Kz1cckDo/C5Y+Komnl7knAhXvTo=
  dependencies:
    random-bytes "~1.0.0"

utils-merge@1.0.0:
  version "1.0.0"
  resolved "https://registry.npm.taobao.org/utils-merge/download/utils-merge-1.0.0.tgz#0294fb922bb9375153541c4f7096231f287c8af8"
  integrity sha1-ApT7kiu5N1FTVBxPcJYjHyh8ivg=

vary@~1.1.2:
  version "1.1.2"
  resolved "https://registry.npm.taobao.org/vary/download/vary-1.1.2.tgz#2299f02c6ded30d4a5961b0b9f74524a18f634fc"
  integrity sha1-IpnwLG3tMNSllhsLn3RSShj2NPw=

window-size@0.1.0:
  version "0.1.0"
  resolved "https://registry.npm.taobao.org/window-size/download/window-size-0.1.0.tgz#5438cd2ea93b202efa3a19fe8887aee7c94f9c9d"
  integrity sha1-VDjNLqk7IC76Ohn+iIeu58lPnJ0=

with@~3.0.0:
  version "3.0.1"
  resolved "https://registry.npm.taobao.org/with/download/with-3.0.1.tgz#08354da410243cf6173fb142bb04e6c66f96f854"
  integrity sha1-CDVNpBAkPPYXP7FCuwTmxm+W+FQ=
  dependencies:
    uglify-js "~2.4.12"

wordwrap@0.0.2:
  version "0.0.2"
  resolved "https://registry.npm.taobao.org/wordwrap/download/wordwrap-0.0.2.tgz#b79669bb42ecb409f83d583cad52ca17eaa1643f"
  integrity sha1-t5Zpu0LstAn4PVg8rVLKF+qhZD8=

wordwrap@~0.0.2:
  version "0.0.3"
  resolved "https://registry.npm.taobao.org/wordwrap/download/wordwrap-0.0.3.tgz#a3d5da6cd5c0bc0008d37234bbaf1bed63059107"
  integrity sha1-o9XabNXAvAAI03I0u68b7WMFkQc=

yargs@~3.5.4:
  version "3.5.4"
  resolved "https://registry.npm.taobao.org/yargs/download/yargs-3.5.4.tgz?cache=0&other_urls=https%3A%2F%2Fregistry.npm.taobao.org%2Fyargs%2Fdownload%2Fyargs-3.5.4.tgz#d8aff8f665e94c34bd259bdebd1bfaf0ddd35361"
  integrity sha1-2K/49mXpTDS9JZvevRv68N3TU2E=
  dependencies:
    camelcase "^1.0.2"
    decamelize "^1.0.0"
    window-size "0.1.0"
    wordwrap "0.0.2"
